SITE
  remote: http://community.opscode.com/api/v1
  specs:
    apache2 (1.6.2)
    application (2.0.2)
    application_ruby (1.1.2)
      apache2 (>= 0.0.0)
      application (>= 0.0.0)
      passenger_apache2 (>= 0.0.0)
      runit (~> 1.0)
      unicorn (>= 0.0.0)
    apt (1.9.2)
    build-essential (1.4.0)
    openssl (1.0.2)
    partial_search (1.0.0)
    passenger_apache2 (2.0.0)
      apache2 (>= 1.0.4)
      build-essential (>= 0.0.0)
    postgresql (2.4.0)
      apt (>= 0.0.0)
      build-essential (>= 0.0.0)
      openssl (>= 0.0.0)
    redisio (1.4.1)
      ulimit (>= 0.1.2)
    ruby_build (0.7.2)
    runit (1.1.4)
      build-essential (>= 0.0.0)
      yum (>= 0.0.0)
    ssh_known_hosts (1.0.0)
      partial_search (>= 0.0.0)
    ulimit (0.1.5)
    unicorn (1.2.2)
    user (0.3.0)
    yum (2.2.0)

DEPENDENCIES
  application_ruby (>= 0)
  apt (>= 0)
  postgresql (>= 0)
  redisio (>= 0)
  ruby_build (>= 0)
  ssh_known_hosts (>= 0)
  user (>= 0)

